// !$*UTF8*$!
{
	archiveVersion = 1;
	classes = {
	};
	objectVersion = 48;
	objects = {

/* Begin PBXBuildFile section */
		6B5394121FF55CE400EEBF3E /* AppDelegate.swift in Sources */ = {isa = PBXBuildFile; fileRef = 6B5394111FF55CE400EEBF3E /* AppDelegate.swift */; };
		6B5394141FF55CE400EEBF3E /* ViewController.swift in Sources */ = {isa = PBXBuildFile; fileRef = 6B5394131FF55CE400EEBF3E /* ViewController.swift */; };
		6B5394171FF55CE400EEBF3E /* Main.storyboard in Resources */ = {isa = PBXBuildFile; fileRef = 6B5394151FF55CE400EEBF3E /* Main.storyboard */; };
		6B5394191FF55CE400EEBF3E /* Assets.xcassets in Resources */ = {isa = PBXBuildFile; fileRef = 6B5394181FF55CE400EEBF3E /* Assets.xcassets */; };
		6B53941C1FF55CE400EEBF3E /* LaunchScreen.storyboard in Resources */ = {isa = PBXBuildFile; fileRef = 6B53941A1FF55CE400EEBF3E /* LaunchScreen.storyboard */; };
		6B5394251FF55D0600EEBF3E /* Zingle.swift in Sources */ = {isa = PBXBuildFile; fileRef = 6B5394241FF55D0600EEBF3E /* Zingle.swift */; };
/* End PBXBuildFile section */

/* Begin PBXFileReference section */
		6B53940E1FF55CE400EEBF3E /* Zingle.app */ = {isa = PBXFileReference; explicitFileType = wrapper.application; includeInIndex = 0; path = Zingle.app; sourceTree = BUILT_PRODUCTS_DIR; };
		6B5394111FF55CE400EEBF3E /* AppDelegate.swift */ = {isa = PBXFileReference; lastKnownFileType = sourcecode.swift; path = AppDelegate.swift; sourceTree = "<group>"; };
		6B5394131FF55CE400EEBF3E /* ViewController.swift */ = {isa = PBXFileReference; lastKnownFileType = sourcecode.swift; path = ViewController.swift; sourceTree = "<group>"; };
		6B5394161FF55CE400EEBF3E /* Base */ = {isa = PBXFileReference; lastKnownFileType = file.storyboard; name = Base; path = Base.lproj/Main.storyboard; sourceTree = "<group>"; };
		6B5394181FF55CE400EEBF3E /* Assets.xcassets */ = {isa = PBXFileReference; lastKnownFileType = folder.assetcatalog; path = Assets.xcassets; sourceTree = "<group>"; };
		6B53941B1FF55CE400EEBF3E /* Base */ = {isa = PBXFileReference; lastKnownFileType = file.storyboard; name = Base; path = Base.lproj/LaunchScreen.storyboard; sourceTree = "<group>"; };
		6B53941D1FF55CE400EEBF3E /* Info.plist */ = {isa = PBXFileReference; lastKnownFileType = text.plist.xml; path = Info.plist; sourceTree = "<group>"; };
		6B5394241FF55D0600EEBF3E /* Zingle.swift */ = {isa = PBXFileReference; lastKnownFileType = sourcecode.swift; path = Zingle.swift; sourceTree = "<group>"; };
/* End PBXFileReference section */

/* Begin PBXFrameworksBuildPhase section */
		6B53940B1FF55CE400EEBF3E /* Frameworks */ = {
			isa = PBXFrameworksBuildPhase;
			buildActionMask = 2147483647;
			files = (
			);
			runOnlyForDeploymentPostprocessing = 0;
		};
/* End PBXFrameworksBuildPhase section */

/* Begin PBXGroup section */
		6B5394051FF55CE400EEBF3E = {
			isa = PBXGroup;
			children = (
				6B5394101FF55CE400EEBF3E /* Zingle */,
				6B53940F1FF55CE400EEBF3E /* Products */,
			);
			sourceTree = "<group>";
		};
		6B53940F1FF55CE400EEBF3E /* Products */ = {
			isa = PBXGroup;
			children = (
				6B53940E1FF55CE400EEBF3E /* Zingle.app */,
			);
			name = Products;
			sourceTree = "<group>";
		};
		6B5394101FF55CE400EEBF3E /* Zingle */ = {
			isa = PBXGroup;
			children = (
				6B5394231FF55CEB00EEBF3E /* Source */,
				6B5394111FF55CE400EEBF3E /* AppDelegate.swift */,
				6B5394131FF55CE400EEBF3E /* ViewController.swift */,
				6B5394151FF55CE400EEBF3E /* Main.storyboard */,
				6B5394181FF55CE400EEBF3E /* Assets.xcassets */,
				6B53941A1FF55CE400EEBF3E /* LaunchScreen.storyboard */,
				6B53941D1FF55CE400EEBF3E /* Info.plist */,
			);
			path = Zingle;
			sourceTree = "<group>";
		};
		6B5394231FF55CEB00EEBF3E /* Source */ = {
			isa = PBXGroup;
			children = (
				6B5394241FF55D0600EEBF3E /* Zingle.swift */,
			);
			path = Source;
			sourceTree = "<group>";
		};
/* End PBXGroup section */

/* Begin PBXNativeTarget section */
		6B53940D1FF55CE400EEBF3E /* Zingle */ = {
			isa = PBXNativeTarget;
			buildConfigurationList = 6B5394201FF55CE400EEBF3E /* Build configuration list for PBXNativeTarget "Zingle" */;
			buildPhases = (
				6B53940A1FF55CE400EEBF3E /* Sources */,
				6B53940B1FF55CE400EEBF3E /* Frameworks */,
				6B53940C1FF55CE400EEBF3E /* Resources */,
			);
			buildRules = (
			);
			dependencies = (
			);
			name = Zingle;
			productName = Zingle;
			productReference = 6B53940E1FF55CE400EEBF3E /* Zingle.app */;
			productType = "com.apple.product-type.application";
		};
/* End PBXNativeTarget section */

/* Begin PBXProject section */
		6B5394061FF55CE400EEBF3E /* Project object */ = {
			isa = PBXProject;
			attributes = {
				LastSwiftUpdateCheck = 0910;
				LastUpgradeCheck = 0910;
				ORGANIZATIONNAME = "Hemang Shah";
				TargetAttributes = {
					6B53940D1FF55CE400EEBF3E = {
						CreatedOnToolsVersion = 9.1;
						ProvisioningStyle = Automatic;
					};
				};
			};
			buildConfigurationList = 6B5394091FF55CE400EEBF3E /* Build configuration list for PBXProject "Zingle" */;
			compatibilityVersion = "Xcode 8.0";
			developmentRegion = en;
			hasScannedForEncodings = 0;
			knownRegions = (
				en,
				Base,
			);
			mainGroup = 6B5394051FF55CE400EEBF3E;
			productRefGroup = 6B53940F1FF55CE400EEBF3E /* Products */;
			projectDirPath = "";
			projectRoot = "";
			targets = (
				6B53940D1FF55CE400EEBF3E /* Zingle */,
			);
		};
/* End PBXProject section */

/* Begin PBXResourcesBuildPhase section */
		6B53940C1FF55CE400EEBF3E /* Resources */ = {
			isa = PBXResourcesBuildPhase;
			buildActionMask = 2147483647;
			files = (
				6B53941C1FF55CE400EEBF3E /* LaunchScreen.storyboard in Resources */,
				6B5394191FF55CE400EEBF3E /* Assets.xcassets in Resources */,
				6B5394171FF55CE400EEBF3E /* Main.storyboard in Resources */,
			);
			runOnlyForDeploymentPostprocessing = 0;
		};
/* End PBXResourcesBuildPhase section */

/* Begin PBXSourcesBuildPhase section */
		6B53940A1FF55CE400EEBF3E /* Sources */ = {
			isa = PBXSourcesBuildPhase;
			buildActionMask = 2147483647;
			files = (
				6B5394141FF55CE400EEBF3E /* ViewController.swift in Sources */,
				6B5394121FF55CE400EEBF3E /* AppDelegate.swift in Sources */,
				6B5394251FF55D0600EEBF3E /* Zingle.swift in Sources */,
			);
			runOnlyForDeploymentPostprocessing = 0;
		};
/* End PBXSourcesBuildPhase section */

/* Begin PBXVariantGroup section */
		6B5394151FF55CE400EEBF3E /* Main.storyboard */ = {
			isa = PBXVariantGroup;
			children = (
				6B5394161FF55CE400EEBF3E /* Base */,
			);
			name = Main.storyboard;
			sourceTree = "<group>";
		};
		6B53941A1FF55CE400EEBF3E /* LaunchScreen.storyboard */ = {
			isa = PBXVariantGroup;
			children = (
				6B53941B1FF55CE400EEBF3E /* Base */,
			);
			name = LaunchScreen.storyboard;
			sourceTree = "<group>";
		};
/* End PBXVariantGroup section */

/* Begin XCBuildConfiguration section */
		6B53941E1FF55CE400EEBF3E /* Debug */ = {
			isa = XCBuildConfiguration;
			buildSettings = {
				ALWAYS_SEARCH_USER_PATHS = NO;
				CLANG_ANALYZER_NONNULL = YES;
				CLANG_ANALYZER_NUMBER_OBJECT_CONVERSION = YES_AGGRESSIVE;
				CLANG_CXX_LANGUAGE_STANDARD = "gnu++14";
				CLANG_CXX_LIBRARY = "libc++";
				CLANG_ENABLE_MODULES = YES;
				CLANG_ENABLE_OBJC_ARC = YES;
				CLANG_WARN_BLOCK_CAPTURE_AUTORELEASING = YES;
				CLANG_WARN_BOOL_CONVERSION = YES;
				CLANG_WARN_COMMA = YES;
				CLANG_WARN_CONSTANT_CONVERSION = YES;
				CLANG_WARN_DIRECT_OBJC_ISA_USAGE = YES_ERROR;
				CLANG_WARN_DOCUMENTATION_COMMENTS = YES;
				CLANG_WARN_EMPTY_BODY = YES;
				CLANG_WARN_ENUM_CONVERSION = YES;
				CLANG_WARN_INFINITE_RECURSION = YES;
				CLANG_WARN_INT_CONVERSION = YES;
				CLANG_WARN_NON_LITERAL_NULL_CONVERSION = YES;
				CLANG_WARN_OBJC_LITERAL_CONVERSION = YES;
				CLANG_WARN_OBJC_ROOT_CLASS = YES_ERROR;
				CLANG_WARN_RANGE_LOOP_ANALYSIS = YES;
				CLANG_WARN_STRICT_PROTOTYPES = YES;
				CLANG_WARN_SUSPICIOUS_MOVE = YES;
				CLANG_WARN_UNGUARDED_AVAILABILITY = YES_AGGRESSIVE;
				CLANG_WARN_UNREACHABLE_CODE = YES;
				CLANG_WARN__DUPLICATE_METHOD_MATCH = YES;
				CODE_SIGN_IDENTITY = "iPhone Developer";
				COPY_PHASE_STRIP = NO;
				DEBUG_INFORMATION_FORMAT = dwarf;
				ENABLE_STRICT_OBJC_MSGSEND = YES;
				ENABLE_TESTABILITY = YES;
				GCC_C_LANGUAGE_STANDARD = gnu11;
				GCC_DYNAMIC_NO_PIC = NO;
				GCC_NO_COMMON_BLOCKS = YES;
				GCC_OPTIMIZATION_LEVEL = 0;
				GCC_PREPROCESSOR_DEFINITIONS = (
					"DEBUG=1",
					"$(inherited)",
				);
				GCC_WARN_64_TO_32_BIT_CONVERSION = YES;
				GCC_WARN_ABOUT_RETURN_TYPE = YES_ERROR;
				GCC_WARN_UNDECLARED_SELECTOR = YES;
				GCC_WARN_UNINITIALIZED_AUTOS = YES_AGGRESSIVE;
				GCC_WARN_UNUSED_FUNCTION = YES;
				GCC_WARN_UNUSED_VARIABLE = YES;
				IPHONEOS_DEPLOYMENT_TARGET = 11.1;
				MTL_ENABLE_DEBUG_INFO = YES;
				ONLY_ACTIVE_ARCH = YES;
				SDKROOT = iphoneos;
				SWIFT_ACTIVE_COMPILATION_CONDITIONS = DEBUG;
				SWIFT_OPTIMIZATION_LEVEL = "-Onone";
			};
			name = Debug;
		};
		6B53941F1FF55CE400EEBF3E /* Release */ = {
			isa = XCBuildConfiguration;
			buildSettings = {
				ALWAYS_SEARCH_USER_PATHS = NO;
				CLANG_ANALYZER_NONNULL = YES;
				CLANG_ANALYZER_NUMBER_OBJECT_CONVERSION = YES_AGGRESSIVE;
				CLANG_CXX_LANGUAGE_STANDARD = "gnu++14";
				CLANG_CXX_LIBRARY = "libc++";
				CLANG_ENABLE_MODULES = YES;
				CLANG_ENABLE_OBJC_ARC = YES;
				CLANG_WARN_BLOCK_CAPTURE_AUTORELEASING = YES;
				CLANG_WARN_BOOL_CONVERSION = YES;
				CLANG_WARN_COMMA = YES;
				CLANG_WARN_CONSTANT_CONVERSION = YES;
				CLANG_WARN_DIRECT_OBJC_ISA_USAGE = YES_ERROR;
				CLANG_WARN_DOCUMENTATION_COMMENTS = YES;
				CLANG_WARN_EMPTY_BODY = YES;
				CLANG_WARN_ENUM_CONVERSION = YES;
				CLANG_WARN_INFINITE_RECURSION = YES;
				CLANG_WARN_INT_CONVERSION = YES;
				CLANG_WARN_NON_LITERAL_NULL_CONVERSION = YES;
				CLANG_WARN_OBJC_LITERAL_CONVERSION = YES;
				CLANG_WARN_OBJC_ROOT_CLASS = YES_ERROR;
				CLANG_WARN_RANGE_LOOP_ANALYSIS = YES;
				CLANG_WARN_STRICT_PROTOTYPES = YES;
				CLANG_WARN_SUSPICIOUS_MOVE = YES;
				CLANG_WARN_UNGUARDED_AVAILABILITY = YES_AGGRESSIVE;
				CLANG_WARN_UNREACHABLE_CODE = YES;
				CLANG_WARN__DUPLICATE_METHOD_MATCH = YES;
				CODE_SIGN_IDENTITY = "iPhone Developer";
				COPY_PHASE_STRIP = NO;
				DEBUG_INFORMATION_FORMAT = "dwarf-with-dsym";
				ENABLE_NS_ASSERTIONS = NO;
				ENABLE_STRICT_OBJC_MSGSEND = YES;
				GCC_C_LANGUAGE_STANDARD = gnu11;
				GCC_NO_COMMON_BLOCKS = YES;
				GCC_WARN_64_TO_32_BIT_CONVERSION = YES;
				GCC_WARN_ABOUT_RETURN_TYPE = YES_ERROR;
				GCC_WARN_UNDECLARED_SELECTOR = YES;
				GCC_WARN_UNINITIALIZED_AUTOS = YES_AGGRESSIVE;
				GCC_WARN_UNUSED_FUNCTION = YES;
				GCC_WARN_UNUSED_VARIABLE = YES;
				IPHONEOS_DEPLOYMENT_TARGET = 11.1;
				MTL_ENABLE_DEBUG_INFO = NO;
				SDKROOT = iphoneos;
				SWIFT_OPTIMIZATION_LEVEL = "-Owholemodule";
				VALIDATE_PRODUCT = YES;
			};
			name = Release;
		};
		6B5394211FF55CE400EEBF3E /* Debug */ = {
			isa = XCBuildConfiguration;
			buildSettings = {
				ASSETCATALOG_COMPILER_APPICON_NAME = AppIcon;
				CODE_SIGN_STYLE = Automatic;
				INFOPLIST_FILE = Zingle/Info.plist;
				LD_RUNPATH_SEARCH_PATHS = "$(inherited) @executable_path/Frameworks";
				PRODUCT_BUNDLE_IDENTIFIER = com.hemangshah.Zingle;
				PRODUCT_NAME = "$(TARGET_NAME)";
				SWIFT_VERSION = 4.0;
				TARGETED_DEVICE_FAMILY = "1,2";
			};
			name = Debug;
		};
		6B5394221FF55CE400EEBF3E /* Release */ = {
			isa = XCBuildConfiguration;
			buildSettings = {
				ASSETCATALOG_COMPILER_APPICON_NAME = AppIcon;
				CODE_SIGN_STYLE = Automatic;
				INFOPLIST_FILE = Zingle/Info.plist;
				LD_RUNPATH_SEARCH_PATHS = "$(inherited) @executable_path/Frameworks";
				PRODUCT_BUNDLE_IDENTIFIER = com.hemangshah.Zingle;
				PRODUCT_NAME = "$(TARGET_NAME)";
				SWIFT_VERSION = 4.0;
				TARGETED_DEVICE_FAMILY = "1,2";
			};
			name = Release;
		};
/* End XCBuildConfiguration section */

/* Begin XCConfigurationList section */
		6B5394091FF55CE400EEBF3E /* Build configuration list for PBXProject "Zingle" */ = {
			isa = XCConfigurationList;
			buildConfigurations = (
				6B53941E1FF55CE400EEBF3E /* Debug */,
				6B53941F1FF55CE400EEBF3E /* Release */,
			);
			defaultConfigurationIsVisible = 0;
			defaultConfigurationName = Release;
		};
		6B5394201FF55CE400EEBF3E /* Build configuration list for PBXNativeTarget "Zingle" */ = {
			isa = XCConfigurationList;
			buildConfigurations = (
				6B5394211FF55CE400EEBF3E /* Debug */,
				6B5394221FF55CE400EEBF3E /* Release */,
			);
			defaultConfigurationIsVisible = 0;
			defaultConfigurationName = Release;
		};
/* End XCConfigurationList section */
	};
	rootObject = 6B5394061FF55CE400EEBF3E /* Project object */;
}
